
Microsoft Visual Studio Solution File, Format Version 12.00
# Visual Studio 2013
VisualStudioVersion = 12.0.21005.1
MinimumVisualStudioVersion = 10.0.40219.1
Project("{8BC9CEB8-8B4A-11D0-8D11-00A0C91BC942}") = "FullScreenSwitcher", "FullScreenSwitcher\FullScreenSwitcher.vcxproj", "{A8E1C6E4-8233-46BE-A328-632A9E1A6A52}"
EndProject
Global
	GlobalSection(SolutionConfigurationPlatforms) = preSolution
		Release|Win32 = Release|Win32
	EndGlobalSection
	GlobalSection(ProjectConfigurationPlatforms) = postSolution
		{A8E1C6E4-8233-46BE-A328-632A9E1A6A52}.Release|Win32.ActiveCfg = Release|Win32
		{A8E1C6E4-8233-46BE-A328-632A9E1A6A52}.Release|Win32.Build.0 = Release|Win32
	EndGlobalSection
	GlobalSection(SolutionProperties) = preSolution
		HideSolutionNode = FALSE
	EndGlobalSection
EndGlobal
